
Microsoft Visual Studio Solution File, Format Version 12.00
# Visual Studio Version 17
VisualStudioVersion = 17.0.31903.59
MinimumVisualStudioVersion = 10.0.40219.1
Project("{2150E333-8FDC-42A3-9474-1A3956D46DE8}") = "src", "src", "{827E0CD3-B72D-47B6-A68D-7590B98EB39B}"
EndProject
Project("{FAE04EC0-301F-11D3-BF4B-00C04F79EFBC}") = "Tc3ProjectTools.Abstractions", "src\Tc3ProjectTools.Abstractions\Tc3ProjectTools.Abstractions.csproj", "{EF70D86A-985C-41B9-B86A-B83E91C28556}"
EndProject
Project("{FAE04EC0-301F-11D3-BF4B-00C04F79EFBC}") = "Tc3ProjectTools.Runtime", "src\Tc3ProjectTools.Runtime\Tc3ProjectTools.Runtime.csproj", "{F28D9D88-E95F-4703-A589-1BB6068ACCCC}"
EndProject
Project("{FAE04EC0-301F-11D3-BF4B-00C04F79EFBC}") = "Tc3ProjectTools.Host", "src\Tc3ProjectTools.Host\Tc3ProjectTools.Host.csproj", "{579091BE-55A3-48FC-8D60-54E1234C4B50}"
EndProject
Project("{2150E333-8FDC-42A3-9474-1A3956D46DE8}") = "plugins", "plugins", "{07D57EEB-2F50-60C4-C011-FE4FA775C9A8}"
EndProject
Project("{FAE04EC0-301F-11D3-BF4B-00C04F79EFBC}") = "Tc3ProjectTools.Plugins.Cleanup", "plugins\Tc3ProjectTools.Plugins.Cleanup\Tc3ProjectTools.Plugins.Cleanup.csproj", "{C2231C8A-7197-4C99-87CD-948B7B6A417A}"
EndProject
Project("{FAE04EC0-301F-11D3-BF4B-00C04F79EFBC}") = "Tc3ProjectTools.Plugins.GuidAudit", "plugins\Tc3ProjectTools.Plugins.GuidAudit\Tc3ProjectTools.Plugins.GuidAudit.csproj", "{EC92DAC1-85BD-4E27-89CC-04CEBFC8D1A0}"
EndProject
Project("{2150E333-8FDC-42A3-9474-1A3956D46DE8}") = "tests", "tests", "{0AB3BF05-4346-4AA6-1389-037BE0695223}"
EndProject
Project("{FAE04EC0-301F-11D3-BF4B-00C04F79EFBC}") = "Tc3ProjectTools.Runtime.Tests", "tests\Tc3ProjectTools.Runtime.Tests\Tc3ProjectTools.Runtime.Tests.csproj", "{B700EFCC-94E2-4E8A-936A-AF081B5303AD}"
EndProject
Project("{FAE04EC0-301F-11D3-BF4B-00C04F79EFBC}") = "Tc3ProjectTools.IntegrationTests", "tests\Tc3ProjectTools.IntegrationTests\Tc3ProjectTools.IntegrationTests.csproj", "{9DAA88FC-8C05-4B78-A7D3-C0914195D10A}"
EndProject
Global
	GlobalSection(SolutionConfigurationPlatforms) = preSolution
		Debug|Any CPU = Debug|Any CPU
		Debug|x64 = Debug|x64
		Debug|x86 = Debug|x86
		Release|Any CPU = Release|Any CPU
		Release|x64 = Release|x64
		Release|x86 = Release|x86
	EndGlobalSection
	GlobalSection(ProjectConfigurationPlatforms) = postSolution
		{EF70D86A-985C-41B9-B86A-B83E91C28556}.Debug|Any CPU.ActiveCfg = Debug|Any CPU
		{EF70D86A-985C-41B9-B86A-B83E91C28556}.Debug|Any CPU.Build.0 = Debug|Any CPU
		{EF70D86A-985C-41B9-B86A-B83E91C28556}.Debug|x64.ActiveCfg = Debug|Any CPU
		{EF70D86A-985C-41B9-B86A-B83E91C28556}.Debug|x64.Build.0 = Debug|Any CPU
		{EF70D86A-985C-41B9-B86A-B83E91C28556}.Debug|x86.ActiveCfg = Debug|Any CPU
		{EF70D86A-985C-41B9-B86A-B83E91C28556}.Debug|x86.Build.0 = Debug|Any CPU
		{EF70D86A-985C-41B9-B86A-B83E91C28556}.Release|Any CPU.ActiveCfg = Release|Any CPU
		{EF70D86A-985C-41B9-B86A-B83E91C28556}.Release|Any CPU.Build.0 = Release|Any CPU
		{EF70D86A-985C-41B9-B86A-B83E91C28556}.Release|x64.ActiveCfg = Release|Any CPU
		{EF70D86A-985C-41B9-B86A-B83E91C28556}.Release|x64.Build.0 = Release|Any CPU
		{EF70D86A-985C-41B9-B86A-B83E91C28556}.Release|x86.ActiveCfg = Release|Any CPU
		{EF70D86A-985C-41B9-B86A-B83E91C28556}.Release|x86.Build.0 = Release|Any CPU
		{F28D9D88-E95F-4703-A589-1BB6068ACCCC}.Debug|Any CPU.ActiveCfg = Debug|Any CPU
		{F28D9D88-E95F-4703-A589-1BB6068ACCCC}.Debug|Any CPU.Build.0 = Debug|Any CPU
		{F28D9D88-E95F-4703-A589-1BB6068ACCCC}.Debug|x64.ActiveCfg = Debug|Any CPU
		{F28D9D88-E95F-4703-A589-1BB6068ACCCC}.Debug|x64.Build.0 = Debug|Any CPU
		{F28D9D88-E95F-4703-A589-1BB6068ACCCC}.Debug|x86.ActiveCfg = Debug|Any CPU
		{F28D9D88-E95F-4703-A589-1BB6068ACCCC}.Debug|x86.Build.0 = Debug|Any CPU
		{F28D9D88-E95F-4703-A589-1BB6068ACCCC}.Release|Any CPU.ActiveCfg = Release|Any CPU
		{F28D9D88-E95F-4703-A589-1BB6068ACCCC}.Release|Any CPU.Build.0 = Release|Any CPU
		{F28D9D88-E95F-4703-A589-1BB6068ACCCC}.Release|x64.ActiveCfg = Release|Any CPU
		{F28D9D88-E95F-4703-A589-1BB6068ACCCC}.Release|x64.Build.0 = Release|Any CPU
		{F28D9D88-E95F-4703-A589-1BB6068ACCCC}.Release|x86.ActiveCfg = Release|Any CPU
		{F28D9D88-E95F-4703-A589-1BB6068ACCCC}.Release|x86.Build.0 = Release|Any CPU
		{579091BE-55A3-48FC-8D60-54E1234C4B50}.Debug|Any CPU.ActiveCfg = Debug|Any CPU
		{579091BE-55A3-48FC-8D60-54E1234C4B50}.Debug|Any CPU.Build.0 = Debug|Any CPU
		{579091BE-55A3-48FC-8D60-54E1234C4B50}.Debug|x64.ActiveCfg = Debug|Any CPU
		{579091BE-55A3-48FC-8D60-54E1234C4B50}.Debug|x64.Build.0 = Debug|Any CPU
		{579091BE-55A3-48FC-8D60-54E1234C4B50}.Debug|x86.ActiveCfg = Debug|Any CPU
		{579091BE-55A3-48FC-8D60-54E1234C4B50}.Debug|x86.Build.0 = Debug|Any CPU
		{579091BE-55A3-48FC-8D60-54E1234C4B50}.Release|Any CPU.ActiveCfg = Release|Any CPU
		{579091BE-55A3-48FC-8D60-54E1234C4B50}.Release|Any CPU.Build.0 = Release|Any CPU
		{579091BE-55A3-48FC-8D60-54E1234C4B50}.Release|x64.ActiveCfg = Release|Any CPU
		{579091BE-55A3-48FC-8D60-54E1234C4B50}.Release|x64.Build.0 = Release|Any CPU
		{579091BE-55A3-48FC-8D60-54E1234C4B50}.Release|x86.ActiveCfg = Release|Any CPU
		{579091BE-55A3-48FC-8D60-54E1234C4B50}.Release|x86.Build.0 = Release|Any CPU
		{C2231C8A-7197-4C99-87CD-948B7B6A417A}.Debug|Any CPU.ActiveCfg = Debug|Any CPU
		{C2231C8A-7197-4C99-87CD-948B7B6A417A}.Debug|Any CPU.Build.0 = Debug|Any CPU
		{C2231C8A-7197-4C99-87CD-948B7B6A417A}.Debug|x64.ActiveCfg = Debug|Any CPU
		{C2231C8A-7197-4C99-87CD-948B7B6A417A}.Debug|x64.Build.0 = Debug|Any CPU
		{C2231C8A-7197-4C99-87CD-948B7B6A417A}.Debug|x86.ActiveCfg = Debug|Any CPU
		{C2231C8A-7197-4C99-87CD-948B7B6A417A}.Debug|x86.Build.0 = Debug|Any CPU
		{C2231C8A-7197-4C99-87CD-948B7B6A417A}.Release|Any CPU.ActiveCfg = Release|Any CPU
		{C2231C8A-7197-4C99-87CD-948B7B6A417A}.Release|Any CPU.Build.0 = Release|Any CPU
		{C2231C8A-7197-4C99-87CD-948B7B6A417A}.Release|x64.ActiveCfg = Release|Any CPU
		{C2231C8A-7197-4C99-87CD-948B7B6A417A}.Release|x64.Build.0 = Release|Any CPU
		{C2231C8A-7197-4C99-87CD-948B7B6A417A}.Release|x86.ActiveCfg = Release|Any CPU
		{C2231C8A-7197-4C99-87CD-948B7B6A417A}.Release|x86.Build.0 = Release|Any CPU
		{EC92DAC1-85BD-4E27-89CC-04CEBFC8D1A0}.Debug|Any CPU.ActiveCfg = Debug|Any CPU
		{EC92DAC1-85BD-4E27-89CC-04CEBFC8D1A0}.Debug|Any CPU.Build.0 = Debug|Any CPU
		{EC92DAC1-85BD-4E27-89CC-04CEBFC8D1A0}.Debug|x64.ActiveCfg = Debug|Any CPU
		{EC92DAC1-85BD-4E27-89CC-04CEBFC8D1A0}.Debug|x64.Build.0 = Debug|Any CPU
		{EC92DAC1-85BD-4E27-89CC-04CEBFC8D1A0}.Debug|x86.ActiveCfg = Debug|Any CPU
		{EC92DAC1-85BD-4E27-89CC-04CEBFC8D1A0}.Debug|x86.Build.0 = Debug|Any CPU
		{EC92DAC1-85BD-4E27-89CC-04CEBFC8D1A0}.Release|Any CPU.ActiveCfg = Release|Any CPU
		{EC92DAC1-85BD-4E27-89CC-04CEBFC8D1A0}.Release|Any CPU.Build.0 = Release|Any CPU
		{EC92DAC1-85BD-4E27-89CC-04CEBFC8D1A0}.Release|x64.ActiveCfg = Release|Any CPU
		{EC92DAC1-85BD-4E27-89CC-04CEBFC8D1A0}.Release|x64.Build.0 = Release|Any CPU
		{EC92DAC1-85BD-4E27-89CC-04CEBFC8D1A0}.Release|x86.ActiveCfg = Release|Any CPU
		{EC92DAC1-85BD-4E27-89CC-04CEBFC8D1A0}.Release|x86.Build.0 = Release|Any CPU
		{B700EFCC-94E2-4E8A-936A-AF081B5303AD}.Debug|Any CPU.ActiveCfg = Debug|Any CPU
		{B700EFCC-94E2-4E8A-936A-AF081B5303AD}.Debug|Any CPU.Build.0 = Debug|Any CPU
		{B700EFCC-94E2-4E8A-936A-AF081B5303AD}.Debug|x64.ActiveCfg = Debug|Any CPU
		{B700EFCC-94E2-4E8A-936A-AF081B5303AD}.Debug|x64.Build.0 = Debug|Any CPU
		{B700EFCC-94E2-4E8A-936A-AF081B5303AD}.Debug|x86.ActiveCfg = Debug|Any CPU
		{B700EFCC-94E2-4E8A-936A-AF081B5303AD}.Debug|x86.Build.0 = Debug|Any CPU
		{B700EFCC-94E2-4E8A-936A-AF081B5303AD}.Release|Any CPU.ActiveCfg = Release|Any CPU
		{B700EFCC-94E2-4E8A-936A-AF081B5303AD}.Release|Any CPU.Build.0 = Release|Any CPU
		{B700EFCC-94E2-4E8A-936A-AF081B5303AD}.Release|x64.ActiveCfg = Release|Any CPU
		{B700EFCC-94E2-4E8A-936A-AF081B5303AD}.Release|x64.Build.0 = Release|Any CPU
		{B700EFCC-94E2-4E8A-936A-AF081B5303AD}.Release|x86.ActiveCfg = Release|Any CPU
		{B700EFCC-94E2-4E8A-936A-AF081B5303AD}.Release|x86.Build.0 = Release|Any CPU
		{9DAA88FC-8C05-4B78-A7D3-C0914195D10A}.Debug|Any CPU.ActiveCfg = Debug|Any CPU
		{9DAA88FC-8C05-4B78-A7D3-C0914195D10A}.Debug|Any CPU.Build.0 = Debug|Any CPU
		{9DAA88FC-8C05-4B78-A7D3-C0914195D10A}.Debug|x64.ActiveCfg = Debug|Any CPU
		{9DAA88FC-8C05-4B78-A7D3-C0914195D10A}.Debug|x64.Build.0 = Debug|Any CPU
		{9DAA88FC-8C05-4B78-A7D3-C0914195D10A}.Debug|x86.ActiveCfg = Debug|Any CPU
		{9DAA88FC-8C05-4B78-A7D3-C0914195D10A}.Debug|x86.Build.0 = Debug|Any CPU
		{9DAA88FC-8C05-4B78-A7D3-C0914195D10A}.Release|Any CPU.ActiveCfg = Release|Any CPU
		{9DAA88FC-8C05-4B78-A7D3-C0914195D10A}.Release|Any CPU.Build.0 = Release|Any CPU
		{9DAA88FC-8C05-4B78-A7D3-C0914195D10A}.Release|x64.ActiveCfg = Release|Any CPU
		{9DAA88FC-8C05-4B78-A7D3-C0914195D10A}.Release|x64.Build.0 = Release|Any CPU
		{9DAA88FC-8C05-4B78-A7D3-C0914195D10A}.Release|x86.ActiveCfg = Release|Any CPU
		{9DAA88FC-8C05-4B78-A7D3-C0914195D10A}.Release|x86.Build.0 = Release|Any CPU
	EndGlobalSection
	GlobalSection(SolutionProperties) = preSolution
		HideSolutionNode = FALSE
	EndGlobalSection
	GlobalSection(NestedProjects) = preSolution
		{EF70D86A-985C-41B9-B86A-B83E91C28556} = {827E0CD3-B72D-47B6-A68D-7590B98EB39B}
		{F28D9D88-E95F-4703-A589-1BB6068ACCCC} = {827E0CD3-B72D-47B6-A68D-7590B98EB39B}
		{579091BE-55A3-48FC-8D60-54E1234C4B50} = {827E0CD3-B72D-47B6-A68D-7590B98EB39B}
		{C2231C8A-7197-4C99-87CD-948B7B6A417A} = {07D57EEB-2F50-60C4-C011-FE4FA775C9A8}
		{EC92DAC1-85BD-4E27-89CC-04CEBFC8D1A0} = {07D57EEB-2F50-60C4-C011-FE4FA775C9A8}
		{B700EFCC-94E2-4E8A-936A-AF081B5303AD} = {0AB3BF05-4346-4AA6-1389-037BE0695223}
		{9DAA88FC-8C05-4B78-A7D3-C0914195D10A} = {0AB3BF05-4346-4AA6-1389-037BE0695223}
	EndGlobalSection
EndGlobal
